
Microsoft Visual Studio Solution File, Format Version 12.00
# Visual Studio Version 17
VisualStudioVersion = 17.5.2.0
MinimumVisualStudioVersion = 10.0.40219.1
Project("{2150E333-8FDC-42A3-9474-1A3956D46DE8}") = "src", "src", "{827E0CD3-B72D-47B6-A68D-7590B98EB39B}"
EndProject
Project("{FAE04EC0-301F-11D3-BF4B-00C04F79EFBC}") = "Pulse.ServiceDefaults", "src\Pulse.ServiceDefaults\Pulse.ServiceDefaults.csproj", "{DE26093C-CB46-1122-58F2-FA5128D298C0}"
EndProject
Project("{FAE04EC0-301F-11D3-BF4B-00C04F79EFBC}") = "Pulse.WebApi", "src\Pulse.WebApi\Pulse.WebApi.csproj", "{9BA2665D-42F2-375F-91F0-6860499C354A}"
EndProject
Project("{FAE04EC0-301F-11D3-BF4B-00C04F79EFBC}") = "Pulse.MigrationManager", "src\Pulse.MigrationManager\Pulse.MigrationManager.csproj", "{BE0D1582-2EDC-7AB7-F1B2-14429AA67CE7}"
EndProject
Project("{FAE04EC0-301F-11D3-BF4B-00C04F79EFBC}") = "Pulse.Admin", "src\Pulse.Admin\Pulse.Admin.csproj", "{DB36091C-ADD4-E579-1F50-E7DA4066EBD1}"
EndProject
Project("{FAE04EC0-301F-11D3-BF4B-00C04F79EFBC}") = "Pulse.WebApp", "src\Pulse.WebApp\Pulse.WebApp.csproj", "{F26B5D8E-CEA0-A1D1-7109-445BA0314DBD}"
EndProject
Project("{FAE04EC0-301F-11D3-BF4B-00C04F79EFBC}") = "Pulse.AppHost", "src\Pulse.AppHost\Pulse.AppHost.csproj", "{C4E25EFD-6E05-3CBF-0253-4C7B1182B8B8}"
EndProject
Project("{FAE04EC0-301F-11D3-BF4B-00C04F79EFBC}") = "Pulse.Common", "src\Pulse.Shared\Pulse.Common.csproj", "{9AEAE65A-188B-13E6-2A11-18E3CC153E06}"
EndProject
Project("{FAE04EC0-301F-11D3-BF4B-00C04F79EFBC}") = "Pulse.Application", "src\Pulse.Application\Pulse.Application.csproj", "{889CA88E-AD7C-45E5-888B-C8DB266A707E}"
EndProject
Project("{2150E333-8FDC-42A3-9474-1A3956D46DE8}") = "Pulse.Shared", "Pulse.Shared", "{4B4EA301-3537-D49A-DC43-D72174B7ABE9}"
EndProject
Global
	GlobalSection(SolutionConfigurationPlatforms) = preSolution
		Debug|Any CPU = Debug|Any CPU
		Debug|x64 = Debug|x64
		Debug|x86 = Debug|x86
		Release|Any CPU = Release|Any CPU
		Release|x64 = Release|x64
		Release|x86 = Release|x86
	EndGlobalSection
	GlobalSection(ProjectConfigurationPlatforms) = postSolution
		{DE26093C-CB46-1122-58F2-FA5128D298C0}.Debug|Any CPU.ActiveCfg = Debug|Any CPU
		{DE26093C-CB46-1122-58F2-FA5128D298C0}.Debug|Any CPU.Build.0 = Debug|Any CPU
		{DE26093C-CB46-1122-58F2-FA5128D298C0}.Debug|x64.ActiveCfg = Debug|Any CPU
		{DE26093C-CB46-1122-58F2-FA5128D298C0}.Debug|x64.Build.0 = Debug|Any CPU
		{DE26093C-CB46-1122-58F2-FA5128D298C0}.Debug|x86.ActiveCfg = Debug|Any CPU
		{DE26093C-CB46-1122-58F2-FA5128D298C0}.Debug|x86.Build.0 = Debug|Any CPU
		{DE26093C-CB46-1122-58F2-FA5128D298C0}.Release|Any CPU.ActiveCfg = Release|Any CPU
		{DE26093C-CB46-1122-58F2-FA5128D298C0}.Release|Any CPU.Build.0 = Release|Any CPU
		{DE26093C-CB46-1122-58F2-FA5128D298C0}.Release|x64.ActiveCfg = Release|Any CPU
		{DE26093C-CB46-1122-58F2-FA5128D298C0}.Release|x64.Build.0 = Release|Any CPU
		{DE26093C-CB46-1122-58F2-FA5128D298C0}.Release|x86.ActiveCfg = Release|Any CPU
		{DE26093C-CB46-1122-58F2-FA5128D298C0}.Release|x86.Build.0 = Release|Any CPU
		{9BA2665D-42F2-375F-91F0-6860499C354A}.Debug|Any CPU.ActiveCfg = Debug|Any CPU
		{9BA2665D-42F2-375F-91F0-6860499C354A}.Debug|Any CPU.Build.0 = Debug|Any CPU
		{9BA2665D-42F2-375F-91F0-6860499C354A}.Debug|x64.ActiveCfg = Debug|Any CPU
		{9BA2665D-42F2-375F-91F0-6860499C354A}.Debug|x64.Build.0 = Debug|Any CPU
		{9BA2665D-42F2-375F-91F0-6860499C354A}.Debug|x86.ActiveCfg = Debug|Any CPU
		{9BA2665D-42F2-375F-91F0-6860499C354A}.Debug|x86.Build.0 = Debug|Any CPU
		{9BA2665D-42F2-375F-91F0-6860499C354A}.Release|Any CPU.ActiveCfg = Release|Any CPU
		{9BA2665D-42F2-375F-91F0-6860499C354A}.Release|Any CPU.Build.0 = Release|Any CPU
		{9BA2665D-42F2-375F-91F0-6860499C354A}.Release|x64.ActiveCfg = Release|Any CPU
		{9BA2665D-42F2-375F-91F0-6860499C354A}.Release|x64.Build.0 = Release|Any CPU
		{9BA2665D-42F2-375F-91F0-6860499C354A}.Release|x86.ActiveCfg = Release|Any CPU
		{9BA2665D-42F2-375F-91F0-6860499C354A}.Release|x86.Build.0 = Release|Any CPU
		{BE0D1582-2EDC-7AB7-F1B2-14429AA67CE7}.Debug|Any CPU.ActiveCfg = Debug|Any CPU
		{BE0D1582-2EDC-7AB7-F1B2-14429AA67CE7}.Debug|Any CPU.Build.0 = Debug|Any CPU
		{BE0D1582-2EDC-7AB7-F1B2-14429AA67CE7}.Debug|x64.ActiveCfg = Debug|Any CPU
		{BE0D1582-2EDC-7AB7-F1B2-14429AA67CE7}.Debug|x64.Build.0 = Debug|Any CPU
		{BE0D1582-2EDC-7AB7-F1B2-14429AA67CE7}.Debug|x86.ActiveCfg = Debug|Any CPU
		{BE0D1582-2EDC-7AB7-F1B2-14429AA67CE7}.Debug|x86.Build.0 = Debug|Any CPU
		{BE0D1582-2EDC-7AB7-F1B2-14429AA67CE7}.Release|Any CPU.ActiveCfg = Release|Any CPU
		{BE0D1582-2EDC-7AB7-F1B2-14429AA67CE7}.Release|Any CPU.Build.0 = Release|Any CPU
		{BE0D1582-2EDC-7AB7-F1B2-14429AA67CE7}.Release|x64.ActiveCfg = Release|Any CPU
		{BE0D1582-2EDC-7AB7-F1B2-14429AA67CE7}.Release|x64.Build.0 = Release|Any CPU
		{BE0D1582-2EDC-7AB7-F1B2-14429AA67CE7}.Release|x86.ActiveCfg = Release|Any CPU
		{BE0D1582-2EDC-7AB7-F1B2-14429AA67CE7}.Release|x86.Build.0 = Release|Any CPU
		{DB36091C-ADD4-E579-1F50-E7DA4066EBD1}.Debug|Any CPU.ActiveCfg = Debug|Any CPU
		{DB36091C-ADD4-E579-1F50-E7DA4066EBD1}.Debug|Any CPU.Build.0 = Debug|Any CPU
		{DB36091C-ADD4-E579-1F50-E7DA4066EBD1}.Debug|x64.ActiveCfg = Debug|Any CPU
		{DB36091C-ADD4-E579-1F50-E7DA4066EBD1}.Debug|x64.Build.0 = Debug|Any CPU
		{DB36091C-ADD4-E579-1F50-E7DA4066EBD1}.Debug|x86.ActiveCfg = Debug|Any CPU
		{DB36091C-ADD4-E579-1F50-E7DA4066EBD1}.Debug|x86.Build.0 = Debug|Any CPU
		{DB36091C-ADD4-E579-1F50-E7DA4066EBD1}.Release|Any CPU.ActiveCfg = Release|Any CPU
		{DB36091C-ADD4-E579-1F50-E7DA4066EBD1}.Release|Any CPU.Build.0 = Release|Any CPU
		{DB36091C-ADD4-E579-1F50-E7DA4066EBD1}.Release|x64.ActiveCfg = Release|Any CPU
		{DB36091C-ADD4-E579-1F50-E7DA4066EBD1}.Release|x64.Build.0 = Release|Any CPU
		{DB36091C-ADD4-E579-1F50-E7DA4066EBD1}.Release|x86.ActiveCfg = Release|Any CPU
		{DB36091C-ADD4-E579-1F50-E7DA4066EBD1}.Release|x86.Build.0 = Release|Any CPU
		{F26B5D8E-CEA0-A1D1-7109-445BA0314DBD}.Debug|Any CPU.ActiveCfg = Debug|Any CPU
		{F26B5D8E-CEA0-A1D1-7109-445BA0314DBD}.Debug|Any CPU.Build.0 = Debug|Any CPU
		{F26B5D8E-CEA0-A1D1-7109-445BA0314DBD}.Debug|x64.ActiveCfg = Debug|Any CPU
		{F26B5D8E-CEA0-A1D1-7109-445BA0314DBD}.Debug|x64.Build.0 = Debug|Any CPU
		{F26B5D8E-CEA0-A1D1-7109-445BA0314DBD}.Debug|x86.ActiveCfg = Debug|Any CPU
		{F26B5D8E-CEA0-A1D1-7109-445BA0314DBD}.Debug|x86.Build.0 = Debug|Any CPU
		{F26B5D8E-CEA0-A1D1-7109-445BA0314DBD}.Release|Any CPU.ActiveCfg = Release|Any CPU
		{F26B5D8E-CEA0-A1D1-7109-445BA0314DBD}.Release|Any CPU.Build.0 = Release|Any CPU
		{F26B5D8E-CEA0-A1D1-7109-445BA0314DBD}.Release|x64.ActiveCfg = Release|Any CPU
		{F26B5D8E-CEA0-A1D1-7109-445BA0314DBD}.Release|x64.Build.0 = Release|Any CPU
		{F26B5D8E-CEA0-A1D1-7109-445BA0314DBD}.Release|x86.ActiveCfg = Release|Any CPU
		{F26B5D8E-CEA0-A1D1-7109-445BA0314DBD}.Release|x86.Build.0 = Release|Any CPU
		{C4E25EFD-6E05-3CBF-0253-4C7B1182B8B8}.Debug|Any CPU.ActiveCfg = Debug|Any CPU
		{C4E25EFD-6E05-3CBF-0253-4C7B1182B8B8}.Debug|Any CPU.Build.0 = Debug|Any CPU
		{C4E25EFD-6E05-3CBF-0253-4C7B1182B8B8}.Debug|x64.ActiveCfg = Debug|Any CPU
		{C4E25EFD-6E05-3CBF-0253-4C7B1182B8B8}.Debug|x64.Build.0 = Debug|Any CPU
		{C4E25EFD-6E05-3CBF-0253-4C7B1182B8B8}.Debug|x86.ActiveCfg = Debug|Any CPU
		{C4E25EFD-6E05-3CBF-0253-4C7B1182B8B8}.Debug|x86.Build.0 = Debug|Any CPU
		{C4E25EFD-6E05-3CBF-0253-4C7B1182B8B8}.Release|Any CPU.ActiveCfg = Release|Any CPU
		{C4E25EFD-6E05-3CBF-0253-4C7B1182B8B8}.Release|Any CPU.Build.0 = Release|Any CPU
		{C4E25EFD-6E05-3CBF-0253-4C7B1182B8B8}.Release|x64.ActiveCfg = Release|Any CPU
		{C4E25EFD-6E05-3CBF-0253-4C7B1182B8B8}.Release|x64.Build.0 = Release|Any CPU
		{C4E25EFD-6E05-3CBF-0253-4C7B1182B8B8}.Release|x86.ActiveCfg = Release|Any CPU
		{C4E25EFD-6E05-3CBF-0253-4C7B1182B8B8}.Release|x86.Build.0 = Release|Any CPU
		{9AEAE65A-188B-13E6-2A11-18E3CC153E06}.Debug|Any CPU.ActiveCfg = Debug|Any CPU
		{9AEAE65A-188B-13E6-2A11-18E3CC153E06}.Debug|Any CPU.Build.0 = Debug|Any CPU
		{9AEAE65A-188B-13E6-2A11-18E3CC153E06}.Debug|x64.ActiveCfg = Debug|Any CPU
		{9AEAE65A-188B-13E6-2A11-18E3CC153E06}.Debug|x64.Build.0 = Debug|Any CPU
		{9AEAE65A-188B-13E6-2A11-18E3CC153E06}.Debug|x86.ActiveCfg = Debug|Any CPU
		{9AEAE65A-188B-13E6-2A11-18E3CC153E06}.Debug|x86.Build.0 = Debug|Any CPU
		{9AEAE65A-188B-13E6-2A11-18E3CC153E06}.Release|Any CPU.ActiveCfg = Release|Any CPU
		{9AEAE65A-188B-13E6-2A11-18E3CC153E06}.Release|Any CPU.Build.0 = Release|Any CPU
		{9AEAE65A-188B-13E6-2A11-18E3CC153E06}.Release|x64.ActiveCfg = Release|Any CPU
		{9AEAE65A-188B-13E6-2A11-18E3CC153E06}.Release|x64.Build.0 = Release|Any CPU
		{9AEAE65A-188B-13E6-2A11-18E3CC153E06}.Release|x86.ActiveCfg = Release|Any CPU
		{9AEAE65A-188B-13E6-2A11-18E3CC153E06}.Release|x86.Build.0 = Release|Any CPU
		{889CA88E-AD7C-45E5-888B-C8DB266A707E}.Debug|Any CPU.ActiveCfg = Debug|Any CPU
		{889CA88E-AD7C-45E5-888B-C8DB266A707E}.Debug|Any CPU.Build.0 = Debug|Any CPU
		{889CA88E-AD7C-45E5-888B-C8DB266A707E}.Debug|x64.ActiveCfg = Debug|Any CPU
		{889CA88E-AD7C-45E5-888B-C8DB266A707E}.Debug|x64.Build.0 = Debug|Any CPU
		{889CA88E-AD7C-45E5-888B-C8DB266A707E}.Debug|x86.ActiveCfg = Debug|Any CPU
		{889CA88E-AD7C-45E5-888B-C8DB266A707E}.Debug|x86.Build.0 = Debug|Any CPU
		{889CA88E-AD7C-45E5-888B-C8DB266A707E}.Release|Any CPU.ActiveCfg = Release|Any CPU
		{889CA88E-AD7C-45E5-888B-C8DB266A707E}.Release|Any CPU.Build.0 = Release|Any CPU
		{889CA88E-AD7C-45E5-888B-C8DB266A707E}.Release|x64.ActiveCfg = Release|Any CPU
		{889CA88E-AD7C-45E5-888B-C8DB266A707E}.Release|x64.Build.0 = Release|Any CPU
		{889CA88E-AD7C-45E5-888B-C8DB266A707E}.Release|x86.ActiveCfg = Release|Any CPU
		{889CA88E-AD7C-45E5-888B-C8DB266A707E}.Release|x86.Build.0 = Release|Any CPU
	EndGlobalSection
	GlobalSection(SolutionProperties) = preSolution
		HideSolutionNode = FALSE
	EndGlobalSection
	GlobalSection(NestedProjects) = preSolution
		{DE26093C-CB46-1122-58F2-FA5128D298C0} = {827E0CD3-B72D-47B6-A68D-7590B98EB39B}
		{9BA2665D-42F2-375F-91F0-6860499C354A} = {827E0CD3-B72D-47B6-A68D-7590B98EB39B}
		{BE0D1582-2EDC-7AB7-F1B2-14429AA67CE7} = {827E0CD3-B72D-47B6-A68D-7590B98EB39B}
		{DB36091C-ADD4-E579-1F50-E7DA4066EBD1} = {827E0CD3-B72D-47B6-A68D-7590B98EB39B}
		{F26B5D8E-CEA0-A1D1-7109-445BA0314DBD} = {827E0CD3-B72D-47B6-A68D-7590B98EB39B}
		{C4E25EFD-6E05-3CBF-0253-4C7B1182B8B8} = {827E0CD3-B72D-47B6-A68D-7590B98EB39B}
		{9AEAE65A-188B-13E6-2A11-18E3CC153E06} = {827E0CD3-B72D-47B6-A68D-7590B98EB39B}
		{889CA88E-AD7C-45E5-888B-C8DB266A707E} = {827E0CD3-B72D-47B6-A68D-7590B98EB39B}
		{4B4EA301-3537-D49A-DC43-D72174B7ABE9} = {827E0CD3-B72D-47B6-A68D-7590B98EB39B}
	EndGlobalSection
	GlobalSection(ExtensibilityGlobals) = postSolution
		SolutionGuid = {DB11F9F1-B897-42EC-838B-BE13B94995BD}
	EndGlobalSection
EndGlobal
